// !$*UTF8*$!
{
	archiveVersion = 1;
	classes = {
	};
	objectVersion = 56;
	objects = {

/* Begin PBXBuildFile section */
		93E939DA2AC9DEEE00546B53 /* TestSwiftUIApp.swift in Sources */ = {isa = PBXBuildFile; fileRef = 93E939D92AC9DEEE00546B53 /* TestSwiftUIApp.swift */; };
		93E939DC2AC9DEEE00546B53 /* ContentView.swift in Sources */ = {isa = PBXBuildFile; fileRef = 93E939DB2AC9DEEE00546B53 /* ContentView.swift */; };
		93E939DE2AC9DEEF00546B53 /* Assets.xcassets in Resources */ = {isa = PBXBuildFile; fileRef = 93E939DD2AC9DEEF00546B53 /* Assets.xcassets */; };
		93E939E12AC9DEEF00546B53 /* Preview Assets.xcassets in Resources */ = {isa = PBXBuildFile; fileRef = 93E939E02AC9DEEF00546B53 /* Preview Assets.xcassets */; };
		93E939E32AC9DEEF00546B53 /* Persistence.swift in Sources */ = {isa = PBXBuildFile; fileRef = 93E939E22AC9DEEF00546B53 /* Persistence.swift */; };
		93E939E62AC9DEEF00546B53 /* TestSwiftUI.xcdatamodeld in Sources */ = {isa = PBXBuildFile; fileRef = 93E939E42AC9DEEF00546B53 /* TestSwiftUI.xcdatamodeld */; };
		93E939F02AC9DEEF00546B53 /* TestSwiftUITests.swift in Sources */ = {isa = PBXBuildFile; fileRef = 93E939EF2AC9DEEF00546B53 /* TestSwiftUITests.swift */; };
		93E939FA2AC9DEEF00546B53 /* TestSwiftUIUITests.swift in Sources */ = {isa = PBXBuildFile; fileRef = 93E939F92AC9DEEF00546B53 /* TestSwiftUIUITests.swift */; };
		93E939FC2AC9DEEF00546B53 /* TestSwiftUIUITestsLaunchTests.swift in Sources */ = {isa = PBXBuildFile; fileRef = 93E939FB2AC9DEEF00546B53 /* TestSwiftUIUITestsLaunchTests.swift */; };
/* End PBXBuildFile section */

/* Begin PBXContainerItemProxy section */
		93E939EC2AC9DEEF00546B53 /* PBXContainerItemProxy */ = {
			isa = PBXContainerItemProxy;
			containerPortal = 93E939CE2AC9DEEE00546B53 /* Project object */;
			proxyType = 1;
			remoteGlobalIDString = 93E939D52AC9DEEE00546B53;
			remoteInfo = TestSwiftUI;
		};
		93E939F62AC9DEEF00546B53 /* PBXContainerItemProxy */ = {
			isa = PBXContainerItemProxy;
			containerPortal = 93E939CE2AC9DEEE00546B53 /* Project object */;
			proxyType = 1;
			remoteGlobalIDString = 93E939D52AC9DEEE00546B53;
			remoteInfo = TestSwiftUI;
		};
/* End PBXContainerItemProxy section */

/* Begin PBXFileReference section */
		93E939D62AC9DEEE00546B53 /* TestSwiftUI.app */ = {isa = PBXFileReference; explicitFileType = wrapper.application; includeInIndex = 0; path = TestSwiftUI.app; sourceTree = BUILT_PRODUCTS_DIR; };
		93E939D92AC9DEEE00546B53 /* TestSwiftUIApp.swift */ = {isa = PBXFileReference; lastKnownFileType = sourcecode.swift; path = TestSwiftUIApp.swift; sourceTree = "<group>"; };
		93E939DB2AC9DEEE00546B53 /* ContentView.swift */ = {isa = PBXFileReference; lastKnownFileType = sourcecode.swift; path = ContentView.swift; sourceTree = "<group>"; };
		93E939DD2AC9DEEF00546B53 /* Assets.xcassets */ = {isa = PBXFileReference; lastKnownFileType = folder.assetcatalog; path = Assets.xcassets; sourceTree = "<group>"; };
		93E939E02AC9DEEF00546B53 /* Preview Assets.xcassets */ = {isa = PBXFileReference; lastKnownFileType = folder.assetcatalog; path = "Preview Assets.xcassets"; sourceTree = "<group>"; };
		93E939E22AC9DEEF00546B53 /* Persistence.swift */ = {isa = PBXFileReference; lastKnownFileType = sourcecode.swift; path = Persistence.swift; sourceTree = "<group>"; };
		93E939E52AC9DEEF00546B53 /* TestSwiftUI.xcdatamodel */ = {isa = PBXFileReference; lastKnownFileType = wrapper.xcdatamodel; path = TestSwiftUI.xcdatamodel; sourceTree = "<group>"; };
		93E939EB2AC9DEEF00546B53 /* TestSwiftUITests.xctest */ = {isa = PBXFileReference; explicitFileType = wrapper.cfbundle; includeInIndex = 0; path = TestSwiftUITests.xctest; sourceTree = BUILT_PRODUCTS_DIR; };
		93E939EF2AC9DEEF00546B53 /* TestSwiftUITests.swift */ = {isa = PBXFileReference; lastKnownFileType = sourcecode.swift; path = TestSwiftUITests.swift; sourceTree = "<group>"; };
		93E939F52AC9DEEF00546B53 /* TestSwiftUIUITests.xctest */ = {isa = PBXFileReference; explicitFileType = wrapper.cfbundle; includeInIndex = 0; path = TestSwiftUIUITests.xctest; sourceTree = BUILT_PRODUCTS_DIR; };
		93E939F92AC9DEEF00546B53 /* TestSwiftUIUITests.swift */ = {isa = PBXFileReference; lastKnownFileType = sourcecode.swift; path = TestSwiftUIUITests.swift; sourceTree = "<group>"; };
		93E939FB2AC9DEEF00546B53 /* TestSwiftUIUITestsLaunchTests.swift */ = {isa = PBXFileReference; lastKnownFileType = sourcecode.swift; path = TestSwiftUIUITestsLaunchTests.swift; sourceTree = "<group>"; };
/* End PBXFileReference section */

/* Begin PBXFrameworksBuildPhase section */
		93E939D32AC9DEEE00546B53 /* Frameworks */ = {
			isa = PBXFrameworksBuildPhase;
			buildActionMask = 2147483647;
			files = (
			);
			runOnlyForDeploymentPostprocessing = 0;
		};
		93E939E82AC9DEEF00546B53 /* Frameworks */ = {
			isa = PBXFrameworksBuildPhase;
			buildActionMask = 2147483647;
			files = (
			);
			runOnlyForDeploymentPostprocessing = 0;
		};
		93E939F22AC9DEEF00546B53 /* Frameworks */ = {
			isa = PBXFrameworksBuildPhase;
			buildActionMask = 2147483647;
			files = (
			);
			runOnlyForDeploymentPostprocessing = 0;
		};
/* End PBXFrameworksBuildPhase section */

/* Begin PBXGroup section */
		93E939CD2AC9DEEE00546B53 = {
			isa = PBXGroup;
			children = (
				93E939D82AC9DEEE00546B53 /* TestSwiftUI */,
				93E939EE2AC9DEEF00546B53 /* TestSwiftUITests */,
				93E939F82AC9DEEF00546B53 /* TestSwiftUIUITests */,
				93E939D72AC9DEEE00546B53 /* Products */,
			);
			sourceTree = "<group>";
		};
		93E939D72AC9DEEE00546B53 /* Products */ = {
			isa = PBXGroup;
			children = (
				93E939D62AC9DEEE00546B53 /* TestSwiftUI.app */,
				93E939EB2AC9DEEF00546B53 /* TestSwiftUITests.xctest */,
				93E939F52AC9DEEF00546B53 /* TestSwiftUIUITests.xctest */,
			);
			name = Products;
			sourceTree = "<group>";
		};
		93E939D82AC9DEEE00546B53 /* TestSwiftUI */ = {
			isa = PBXGroup;
			children = (
				93E939D92AC9DEEE00546B53 /* TestSwiftUIApp.swift */,
				93E939DB2AC9DEEE00546B53 /* ContentView.swift */,
				93E939DD2AC9DEEF00546B53 /* Assets.xcassets */,
				93E939E22AC9DEEF00546B53 /* Persistence.swift */,
				93E939E42AC9DEEF00546B53 /* TestSwiftUI.xcdatamodeld */,
				93E939DF2AC9DEEF00546B53 /* Preview Content */,
			);
			path = TestSwiftUI;
			sourceTree = "<group>";
		};
		93E939DF2AC9DEEF00546B53 /* Preview Content */ = {
			isa = PBXGroup;
			children = (
				93E939E02AC9DEEF00546B53 /* Preview Assets.xcassets */,
			);
			path = "Preview Content";
			sourceTree = "<group>";
		};
		93E939EE2AC9DEEF00546B53 /* TestSwiftUITests */ = {
			isa = PBXGroup;
			children = (
				93E939EF2AC9DEEF00546B53 /* TestSwiftUITests.swift */,
			);
			path = TestSwiftUITests;
			sourceTree = "<group>";
		};
		93E939F82AC9DEEF00546B53 /* TestSwiftUIUITests */ = {
			isa = PBXGroup;
			children = (
				93E939F92AC9DEEF00546B53 /* TestSwiftUIUITests.swift */,
				93E939FB2AC9DEEF00546B53 /* TestSwiftUIUITestsLaunchTests.swift */,
			);
			path = TestSwiftUIUITests;
			sourceTree = "<group>";
		};
/* End PBXGroup section */

/* Begin PBXNativeTarget section */
		93E939D52AC9DEEE00546B53 /* TestSwiftUI */ = {
			isa = PBXNativeTarget;
			buildConfigurationList = 93E939FF2AC9DEEF00546B53 /* Build configuration list for PBXNativeTarget "TestSwiftUI" */;
			buildPhases = (
				93E939D22AC9DEEE00546B53 /* Sources */,
				93E939D32AC9DEEE00546B53 /* Frameworks */,
				93E939D42AC9DEEE00546B53 /* Resources */,
			);
			buildRules = (
			);
			dependencies = (
			);
			name = TestSwiftUI;
			productName = TestSwiftUI;
			productReference = 93E939D62AC9DEEE00546B53 /* TestSwiftUI.app */;
			productType = "com.apple.product-type.application";
		};
		93E939EA2AC9DEEF00546B53 /* TestSwiftUITests */ = {
			isa = PBXNativeTarget;
			buildConfigurationList = 93E93A022AC9DEEF00546B53 /* Build configuration list for PBXNativeTarget "TestSwiftUITests" */;
			buildPhases = (
				93E939E72AC9DEEF00546B53 /* Sources */,
				93E939E82AC9DEEF00546B53 /* Frameworks */,
				93E939E92AC9DEEF00546B53 /* Resources */,
			);
			buildRules = (
			);
			dependencies = (
				93E939ED2AC9DEEF00546B53 /* PBXTargetDependency */,
			);
			name = TestSwiftUITests;
			productName = TestSwiftUITests;
			productReference = 93E939EB2AC9DEEF00546B53 /* TestSwiftUITests.xctest */;
			productType = "com.apple.product-type.bundle.unit-test";
		};
		93E939F42AC9DEEF00546B53 /* TestSwiftUIUITests */ = {
			isa = PBXNativeTarget;
			buildConfigurationList = 93E93A052AC9DEEF00546B53 /* Build configuration list for PBXNativeTarget "TestSwiftUIUITests" */;
			buildPhases = (
				93E939F12AC9DEEF00546B53 /* Sources */,
				93E939F22AC9DEEF00546B53 /* Frameworks */,
				93E939F32AC9DEEF00546B53 /* Resources */,
			);
			buildRules = (
			);
			dependencies = (
				93E939F72AC9DEEF00546B53 /* PBXTargetDependency */,
			);
			name = TestSwiftUIUITests;
			productName = TestSwiftUIUITests;
			productReference = 93E939F52AC9DEEF00546B53 /* TestSwiftUIUITests.xctest */;
			productType = "com.apple.product-type.bundle.ui-testing";
		};
/* End PBXNativeTarget section */

/* Begin PBXProject section */
		93E939CE2AC9DEEE00546B53 /* Project object */ = {
			isa = PBXProject;
			attributes = {
				BuildIndependentTargetsInParallel = 1;
				LastSwiftUpdateCheck = 1500;
				LastUpgradeCheck = 1500;
				TargetAttributes = {
					93E939D52AC9DEEE00546B53 = {
						CreatedOnToolsVersion = 15.0;
					};
					93E939EA2AC9DEEF00546B53 = {
						CreatedOnToolsVersion = 15.0;
						TestTargetID = 93E939D52AC9DEEE00546B53;
					};
					93E939F42AC9DEEF00546B53 = {
						CreatedOnToolsVersion = 15.0;
						TestTargetID = 93E939D52AC9DEEE00546B53;
					};
				};
			};
			buildConfigurationList = 93E939D12AC9DEEE00546B53 /* Build configuration list for PBXProject "TestSwiftUI" */;
			compatibilityVersion = "Xcode 14.0";
			developmentRegion = en;
			hasScannedForEncodings = 0;
			knownRegions = (
				en,
				Base,
			);
			mainGroup = 93E939CD2AC9DEEE00546B53;
			productRefGroup = 93E939D72AC9DEEE00546B53 /* Products */;
			projectDirPath = "";
			projectRoot = "";
			targets = (
				93E939D52AC9DEEE00546B53 /* TestSwiftUI */,
				93E939EA2AC9DEEF00546B53 /* TestSwiftUITests */,
				93E939F42AC9DEEF00546B53 /* TestSwiftUIUITests */,
			);
		};
/* End PBXProject section */

/* Begin PBXResourcesBuildPhase section */
		93E939D42AC9DEEE00546B53 /* Resources */ = {
			isa = PBXResourcesBuildPhase;
			buildActionMask = 2147483647;
			files = (
				93E939E12AC9DEEF00546B53 /* Preview Assets.xcassets in Resources */,
				93E939DE2AC9DEEF00546B53 /* Assets.xcassets in Resources */,
			);
			runOnlyForDeploymentPostprocessing = 0;
		};
		93E939E92AC9DEEF00546B53 /* Resources */ = {
			isa = PBXResourcesBuildPhase;
			buildActionMask = 2147483647;
			files = (
			);
			runOnlyForDeploymentPostprocessing = 0;
		};
		93E939F32AC9DEEF00546B53 /* Resources */ = {
			isa = PBXResourcesBuildPhase;
			buildActionMask = 2147483647;
			files = (
			);
			runOnlyForDeploymentPostprocessing = 0;
		};
/* End PBXResourcesBuildPhase section */

/* Begin PBXSourcesBuildPhase section */
		93E939D22AC9DEEE00546B53 /* Sources */ = {
			isa = PBXSourcesBuildPhase;
			buildActionMask = 2147483647;
			files = (
				93E939E32AC9DEEF00546B53 /* Persistence.swift in Sources */,
				93E939DC2AC9DEEE00546B53 /* ContentView.swift in Sources */,
				93E939DA2AC9DEEE00546B53 /* TestSwiftUIApp.swift in Sources */,
				93E939E62AC9DEEF00546B53 /* TestSwiftUI.xcdatamodeld in Sources */,
			);
			runOnlyForDeploymentPostprocessing = 0;
		};
		93E939E72AC9DEEF00546B53 /* Sources */ = {
			isa = PBXSourcesBuildPhase;
			buildActionMask = 2147483647;
			files = (
				93E939F02AC9DEEF00546B53 /* TestSwiftUITests.swift in Sources */,
			);
			runOnlyForDeploymentPostprocessing = 0;
		};
		93E939F12AC9DEEF00546B53 /* Sources */ = {
			isa = PBXSourcesBuildPhase;
			buildActionMask = 2147483647;
			files = (
				93E939FC2AC9DEEF00546B53 /* TestSwiftUIUITestsLaunchTests.swift in Sources */,
				93E939FA2AC9DEEF00546B53 /* TestSwiftUIUITests.swift in Sources */,
			);
			runOnlyForDeploymentPostprocessing = 0;
		};
/* End PBXSourcesBuildPhase section */

/* Begin PBXTargetDependency section */
		93E939ED2AC9DEEF00546B53 /* PBXTargetDependency */ = {
			isa = PBXTargetDependency;
			target = 93E939D52AC9DEEE00546B53 /* TestSwiftUI */;
			targetProxy = 93E939EC2AC9DEEF00546B53 /* PBXContainerItemProxy */;
		};
		93E939F72AC9DEEF00546B53 /* PBXTargetDependency */ = {
			isa = PBXTargetDependency;
			target = 93E939D52AC9DEEE00546B53 /* TestSwiftUI */;
			targetProxy = 93E939F62AC9DEEF00546B53 /* PBXContainerItemProxy */;
		};
/* End PBXTargetDependency section */

/* Begin XCBuildConfiguration section */
		93E939FD2AC9DEEF00546B53 /* Debug */ = {
			isa = XCBuildConfiguration;
			buildSettings = {
				ALWAYS_SEARCH_USER_PATHS = NO;
				ASSETCATALOG_COMPILER_GENERATE_SWIFT_ASSET_SYMBOL_EXTENSIONS = YES;
				CLANG_ANALYZER_NONNULL = YES;
				CLANG_ANALYZER_NUMBER_OBJECT_CONVERSION = YES_AGGRESSIVE;
				CLANG_CXX_LANGUAGE_STANDARD = "gnu++20";
				CLANG_ENABLE_MODULES = YES;
				CLANG_ENABLE_OBJC_ARC = YES;
				CLANG_ENABLE_OBJC_WEAK = YES;
				CLANG_WARN_BLOCK_CAPTURE_AUTORELEASING = YES;
				CLANG_WARN_BOOL_CONVERSION = YES;
				CLANG_WARN_COMMA = YES;
				CLANG_WARN_CONSTANT_CONVERSION = YES;
				CLANG_WARN_DEPRECATED_OBJC_IMPLEMENTATIONS = YES;
				CLANG_WARN_DIRECT_OBJC_ISA_USAGE = YES_ERROR;
				CLANG_WARN_DOCUMENTATION_COMMENTS = YES;
				CLANG_WARN_EMPTY_BODY = YES;
				CLANG_WARN_ENUM_CONVERSION = YES;
				CLANG_WARN_INFINITE_RECURSION = YES;
				CLANG_WARN_INT_CONVERSION = YES;
				CLANG_WARN_NON_LITERAL_NULL_CONVERSION = YES;
				CLANG_WARN_OBJC_IMPLICIT_RETAIN_SELF = YES;
				CLANG_WARN_OBJC_LITERAL_CONVERSION = YES;
				CLANG_WARN_OBJC_ROOT_CLASS = YES_ERROR;
				CLANG_WARN_QUOTED_INCLUDE_IN_FRAMEWORK_HEADER = YES;
				CLANG_WARN_RANGE_LOOP_ANALYSIS = YES;
				CLANG_WARN_STRICT_PROTOTYPES = YES;
				CLANG_WARN_SUSPICIOUS_MOVE = YES;
				CLANG_WARN_UNGUARDED_AVAILABILITY = YES_AGGRESSIVE;
				CLANG_WARN_UNREACHABLE_CODE = YES;
				CLANG_WARN__DUPLICATE_METHOD_MATCH = YES;
				COPY_PHASE_STRIP = NO;
				DEBUG_INFORMATION_FORMAT = dwarf;
				ENABLE_STRICT_OBJC_MSGSEND = YES;
				ENABLE_TESTABILITY = YES;
				ENABLE_USER_SCRIPT_SANDBOXING = YES;
				GCC_C_LANGUAGE_STANDARD = gnu17;
				GCC_DYNAMIC_NO_PIC = NO;
				GCC_NO_COMMON_BLOCKS = YES;
				GCC_OPTIMIZATION_LEVEL = 0;
				GCC_PREPROCESSOR_DEFINITIONS = (
					"DEBUG=1",
					"$(inherited)",
				);
				GCC_WARN_64_TO_32_BIT_CONVERSION = YES;
				GCC_WARN_ABOUT_RETURN_TYPE = YES_ERROR;
				GCC_WARN_UNDECLARED_SELECTOR = YES;
				GCC_WARN_UNINITIALIZED_AUTOS = YES_AGGRESSIVE;
				GCC_WARN_UNUSED_FUNCTION = YES;
				GCC_WARN_UNUSED_VARIABLE = YES;
				IPHONEOS_DEPLOYMENT_TARGET = 17.0;
				LOCALIZATION_PREFERS_STRING_CATALOGS = YES;
				MTL_ENABLE_DEBUG_INFO = INCLUDE_SOURCE;
				MTL_FAST_MATH = YES;
				ONLY_ACTIVE_ARCH = YES;
				SDKROOT = iphoneos;
				SWIFT_ACTIVE_COMPILATION_CONDITIONS = "DEBUG $(inherited)";
				SWIFT_OPTIMIZATION_LEVEL = "-Onone";
			};
			name = Debug;
		};
		93E939FE2AC9DEEF00546B53 /* Release */ = {
			isa = XCBuildConfiguration;
			buildSettings = {
				ALWAYS_SEARCH_USER_PATHS = NO;
				ASSETCATALOG_COMPILER_GENERATE_SWIFT_ASSET_SYMBOL_EXTENSIONS = YES;
				CLANG_ANALYZER_NONNULL = YES;
				CLANG_ANALYZER_NUMBER_OBJECT_CONVERSION = YES_AGGRESSIVE;
				CLANG_CXX_LANGUAGE_STANDARD = "gnu++20";
				CLANG_ENABLE_MODULES = YES;
				CLANG_ENABLE_OBJC_ARC = YES;
				CLANG_ENABLE_OBJC_WEAK = YES;
				CLANG_WARN_BLOCK_CAPTURE_AUTORELEASING = YES;
				CLANG_WARN_BOOL_CONVERSION = YES;
				CLANG_WARN_COMMA = YES;
				CLANG_WARN_CONSTANT_CONVERSION = YES;
				CLANG_WARN_DEPRECATED_OBJC_IMPLEMENTATIONS = YES;
				CLANG_WARN_DIRECT_OBJC_ISA_USAGE = YES_ERROR;
				CLANG_WARN_DOCUMENTATION_COMMENTS = YES;
				CLANG_WARN_EMPTY_BODY = YES;
				CLANG_WARN_ENUM_CONVERSION = YES;
				CLANG_WARN_INFINITE_RECURSION = YES;
				CLANG_WARN_INT_CONVERSION = YES;
				CLANG_WARN_NON_LITERAL_NULL_CONVERSION = YES;
				CLANG_WARN_OBJC_IMPLICIT_RETAIN_SELF = YES;
				CLANG_WARN_OBJC_LITERAL_CONVERSION = YES;
				CLANG_WARN_OBJC_ROOT_CLASS = YES_ERROR;
				CLANG_WARN_QUOTED_INCLUDE_IN_FRAMEWORK_HEADER = YES;
				CLANG_WARN_RANGE_LOOP_ANALYSIS = YES;
				CLANG_WARN_STRICT_PROTOTYPES = YES;
				CLANG_WARN_SUSPICIOUS_MOVE = YES;
				CLANG_WARN_UNGUARDED_AVAILABILITY = YES_AGGRESSIVE;
				CLANG_WARN_UNREACHABLE_CODE = YES;
				CLANG_WARN__DUPLICATE_METHOD_MATCH = YES;
				COPY_PHASE_STRIP = NO;
				DEBUG_INFORMATION_FORMAT = "dwarf-with-dsym";
				ENABLE_NS_ASSERTIONS = NO;
				ENABLE_STRICT_OBJC_MSGSEND = YES;
				ENABLE_USER_SCRIPT_SANDBOXING = YES;
				GCC_C_LANGUAGE_STANDARD = gnu17;
				GCC_NO_COMMON_BLOCKS = YES;
				GCC_WARN_64_TO_32_BIT_CONVERSION = YES;
				GCC_WARN_ABOUT_RETURN_TYPE = YES_ERROR;
				GCC_WARN_UNDECLARED_SELECTOR = YES;
				GCC_WARN_UNINITIALIZED_AUTOS = YES_AGGRESSIVE;
				GCC_WARN_UNUSED_FUNCTION = YES;
				GCC_WARN_UNUSED_VARIABLE = YES;
				IPHONEOS_DEPLOYMENT_TARGET = 17.0;
				LOCALIZATION_PREFERS_STRING_CATALOGS = YES;
				MTL_ENABLE_DEBUG_INFO = NO;
				MTL_FAST_MATH = YES;
				SDKROOT = iphoneos;
				SWIFT_COMPILATION_MODE = wholemodule;
				VALIDATE_PRODUCT = YES;
			};
			name = Release;
		};
		93E93A002AC9DEEF00546B53 /* Debug */ = {
			isa = XCBuildConfiguration;
			buildSettings = {
				ASSETCATALOG_COMPILER_APPICON_NAME = AppIcon;
				ASSETCATALOG_COMPILER_GLOBAL_ACCENT_COLOR_NAME = AccentColor;
				CODE_SIGN_STYLE = Automatic;
				CURRENT_PROJECT_VERSION = 1;
				DEVELOPMENT_ASSET_PATHS = "\"TestSwiftUI/Preview Content\"";
				DEVELOPMENT_TEAM = GFP5XDT2N5;
				ENABLE_PREVIEWS = YES;
				GENERATE_INFOPLIST_FILE = YES;
				INFOPLIST_KEY_UIApplicationSceneManifest_Generation = YES;
				INFOPLIST_KEY_UIApplicationSupportsIndirectInputEvents = YES;
				INFOPLIST_KEY_UILaunchScreen_Generation = YES;
				INFOPLIST_KEY_UISupportedInterfaceOrientations_iPad = "UIInterfaceOrientationPortrait UIInterfaceOrientationPortraitUpsideDown UIInterfaceOrientationLandscapeLeft UIInterfaceOrientationLandscapeRight";
				INFOPLIST_KEY_UISupportedInterfaceOrientations_iPhone = "UIInterfaceOrientationPortrait UIInterfaceOrientationLandscapeLeft UIInterfaceOrientationLandscapeRight";
				LD_RUNPATH_SEARCH_PATHS = (
					"$(inherited)",
					"@executable_path/Frameworks",
				);
				MARKETING_VERSION = 1.0;
				PRODUCT_BUNDLE_IDENTIFIER = com.kruthay.TestSwiftUI;
				PRODUCT_NAME = "$(TARGET_NAME)";
				SWIFT_EMIT_LOC_STRINGS = YES;
				SWIFT_VERSION = 5.0;
				TARGETED_DEVICE_FAMILY = "1,2";
			};
			name = Debug;
		};
		93E93A012AC9DEEF00546B53 /* Release */ = {
			isa = XCBuildConfiguration;
			buildSettings = {
				ASSETCATALOG_COMPILER_APPICON_NAME = AppIcon;
				ASSETCATALOG_COMPILER_GLOBAL_ACCENT_COLOR_NAME = AccentColor;
				CODE_SIGN_STYLE = Automatic;
				CURRENT_PROJECT_VERSION = 1;
				DEVELOPMENT_ASSET_PATHS = "\"TestSwiftUI/Preview Content\"";
				DEVELOPMENT_TEAM = GFP5XDT2N5;
				ENABLE_PREVIEWS = YES;
				GENERATE_INFOPLIST_FILE = YES;
				INFOPLIST_KEY_UIApplicationSceneManifest_Generation = YES;
				INFOPLIST_KEY_UIApplicationSupportsIndirectInputEvents = YES;
				INFOPLIST_KEY_UILaunchScreen_Generation = YES;
				INFOPLIST_KEY_UISupportedInterfaceOrientations_iPad = "UIInterfaceOrientationPortrait UIInterfaceOrientationPortraitUpsideDown UIInterfaceOrientationLandscapeLeft UIInterfaceOrientationLandscapeRight";
				INFOPLIST_KEY_UISupportedInterfaceOrientations_iPhone = "UIInterfaceOrientationPortrait UIInterfaceOrientationLandscapeLeft UIInterfaceOrientationLandscapeRight";
				LD_RUNPATH_SEARCH_PATHS = (
					"$(inherited)",
					"@executable_path/Frameworks",
				);
				MARKETING_VERSION = 1.0;
				PRODUCT_BUNDLE_IDENTIFIER = com.kruthay.TestSwiftUI;
				PRODUCT_NAME = "$(TARGET_NAME)";
				SWIFT_EMIT_LOC_STRINGS = YES;
				SWIFT_VERSION = 5.0;
				TARGETED_DEVICE_FAMILY = "1,2";
			};
			name = Release;
		};
		93E93A032AC9DEEF00546B53 /* Debug */ = {
			isa = XCBuildConfiguration;
			buildSettings = {
				ALWAYS_EMBED_SWIFT_STANDARD_LIBRARIES = YES;
				BUNDLE_LOADER = "$(TEST_HOST)";
				CODE_SIGN_STYLE = Automatic;
				CURRENT_PROJECT_VERSION = 1;
				DEVELOPMENT_TEAM = GFP5XDT2N5;
				GENERATE_INFOPLIST_FILE = YES;
				IPHONEOS_DEPLOYMENT_TARGET = 17.0;
				MARKETING_VERSION = 1.0;
				PRODUCT_BUNDLE_IDENTIFIER = com.kruthay.TestSwiftUITests;
				PRODUCT_NAME = "$(TARGET_NAME)";
				SWIFT_EMIT_LOC_STRINGS = NO;
				SWIFT_VERSION = 5.0;
				TARGETED_DEVICE_FAMILY = "1,2";
				TEST_HOST = "$(BUILT_PRODUCTS_DIR)/TestSwiftUI.app/$(BUNDLE_EXECUTABLE_FOLDER_PATH)/TestSwiftUI";
			};
			name = Debug;
		};
		93E93A042AC9DEEF00546B53 /* Release */ = {
			isa = XCBuildConfiguration;
			buildSettings = {
				ALWAYS_EMBED_SWIFT_STANDARD_LIBRARIES = YES;
				BUNDLE_LOADER = "$(TEST_HOST)";
				CODE_SIGN_STYLE = Automatic;
				CURRENT_PROJECT_VERSION = 1;
				DEVELOPMENT_TEAM = GFP5XDT2N5;
				GENERATE_INFOPLIST_FILE = YES;
				IPHONEOS_DEPLOYMENT_TARGET = 17.0;
				MARKETING_VERSION = 1.0;
				PRODUCT_BUNDLE_IDENTIFIER = com.kruthay.TestSwiftUITests;
				PRODUCT_NAME = "$(TARGET_NAME)";
				SWIFT_EMIT_LOC_STRINGS = NO;
				SWIFT_VERSION = 5.0;
				TARGETED_DEVICE_FAMILY = "1,2";
				TEST_HOST = "$(BUILT_PRODUCTS_DIR)/TestSwiftUI.app/$(BUNDLE_EXECUTABLE_FOLDER_PATH)/TestSwiftUI";
			};
			name = Release;
		};
		93E93A062AC9DEEF00546B53 /* Debug */ = {
			isa = XCBuildConfiguration;
			buildSettings = {
				ALWAYS_EMBED_SWIFT_STANDARD_LIBRARIES = YES;
				CODE_SIGN_STYLE = Automatic;
				CURRENT_PROJECT_VERSION = 1;
				DEVELOPMENT_TEAM = GFP5XDT2N5;
				GENERATE_INFOPLIST_FILE = YES;
				MARKETING_VERSION = 1.0;
				PRODUCT_BUNDLE_IDENTIFIER = com.kruthay.TestSwiftUIUITests;
				PRODUCT_NAME = "$(TARGET_NAME)";
				SWIFT_EMIT_LOC_STRINGS = NO;
				SWIFT_VERSION = 5.0;
				TARGETED_DEVICE_FAMILY = "1,2";
				TEST_TARGET_NAME = TestSwiftUI;
			};
			name = Debug;
		};
		93E93A072AC9DEEF00546B53 /* Release */ = {
			isa = XCBuildConfiguration;
			buildSettings = {
				ALWAYS_EMBED_SWIFT_STANDARD_LIBRARIES = YES;
				CODE_SIGN_STYLE = Automatic;
				CURRENT_PROJECT_VERSION = 1;
				DEVELOPMENT_TEAM = GFP5XDT2N5;
				GENERATE_INFOPLIST_FILE = YES;
				MARKETING_VERSION = 1.0;
				PRODUCT_BUNDLE_IDENTIFIER = com.kruthay.TestSwiftUIUITests;
				PRODUCT_NAME = "$(TARGET_NAME)";
				SWIFT_EMIT_LOC_STRINGS = NO;
				SWIFT_VERSION = 5.0;
				TARGETED_DEVICE_FAMILY = "1,2";
				TEST_TARGET_NAME = TestSwiftUI;
			};
			name = Release;
		};
/* End XCBuildConfiguration section */

/* Begin XCConfigurationList section */
		93E939D12AC9DEEE00546B53 /* Build configuration list for PBXProject "TestSwiftUI" */ = {
			isa = XCConfigurationList;
			buildConfigurations = (
				93E939FD2AC9DEEF00546B53 /* Debug */,
				93E939FE2AC9DEEF00546B53 /* Release */,
			);
			defaultConfigurationIsVisible = 0;
			defaultConfigurationName = Release;
		};
		93E939FF2AC9DEEF00546B53 /* Build configuration list for PBXNativeTarget "TestSwiftUI" */ = {
			isa = XCConfigurationList;
			buildConfigurations = (
				93E93A002AC9DEEF00546B53 /* Debug */,
				93E93A012AC9DEEF00546B53 /* Release */,
			);
			defaultConfigurationIsVisible = 0;
			defaultConfigurationName = Release;
		};
		93E93A022AC9DEEF00546B53 /* Build configuration list for PBXNativeTarget "TestSwiftUITests" */ = {
			isa = XCConfigurationList;
			buildConfigurations = (
				93E93A032AC9DEEF00546B53 /* Debug */,
				93E93A042AC9DEEF00546B53 /* Release */,
			);
			defaultConfigurationIsVisible = 0;
			defaultConfigurationName = Release;
		};
		93E93A052AC9DEEF00546B53 /* Build configuration list for PBXNativeTarget "TestSwiftUIUITests" */ = {
			isa = XCConfigurationList;
			buildConfigurations = (
				93E93A062AC9DEEF00546B53 /* Debug */,
				93E93A072AC9DEEF00546B53 /* Release */,
			);
			defaultConfigurationIsVisible = 0;
			defaultConfigurationName = Release;
		};
/* End XCConfigurationList section */

/* Begin XCVersionGroup section */
		93E939E42AC9DEEF00546B53 /* TestSwiftUI.xcdatamodeld */ = {
			isa = XCVersionGroup;
			children = (
				93E939E52AC9DEEF00546B53 /* TestSwiftUI.xcdatamodel */,
			);
			currentVersion = 93E939E52AC9DEEF00546B53 /* TestSwiftUI.xcdatamodel */;
			path = TestSwiftUI.xcdatamodeld;
			sourceTree = "<group>";
			versionGroupType = wrapper.xcdatamodel;
		};
/* End XCVersionGroup section */
	};
	rootObject = 93E939CE2AC9DEEE00546B53 /* Project object */;
}
